
Microsoft Visual Studio Solution File, Format Version 12.00
# Visual Studio Version 17
VisualStudioVersion = 17.13.35825.156
MinimumVisualStudioVersion = 10.0.40219.1
Project("{FAE04EC0-301F-11D3-BF4B-00C04F79EFBC}") = "WpfApp", "WpfApp\WpfApp.csproj", "{F2646282-E82B-45FD-93A1-4D92059CAA0E}"
EndProject
Project("{FAE04EC0-301F-11D3-BF4B-00C04F79EFBC}") = "LoginForm", "LoginForm\LoginForm.csproj", "{64B00FE9-54FD-4AF2-B756-85D585D61D8E}"
EndProject
Project("{FAE04EC0-301F-11D3-BF4B-00C04F79EFBC}") = "CalendarApp", "CalendarApp\CalendarApp.csproj", "{C94A6E6D-D69A-4B01-A764-0286D398F1B8}"
EndProject
Project("{FAE04EC0-301F-11D3-BF4B-00C04F79EFBC}") = "EmployeeManager", "EmployeeManager\EmployeeManager.csproj", "{28E83EE7-6A59-41B0-A837-7AAF0F77492A}"
EndProject
Global
	GlobalSection(SolutionConfigurationPlatforms) = preSolution
		Debug|Any CPU = Debug|Any CPU
		Release|Any CPU = Release|Any CPU
	EndGlobalSection
	GlobalSection(ProjectConfigurationPlatforms) = postSolution
		{F2646282-E82B-45FD-93A1-4D92059CAA0E}.Debug|Any CPU.ActiveCfg = Debug|Any CPU
		{F2646282-E82B-45FD-93A1-4D92059CAA0E}.Debug|Any CPU.Build.0 = Debug|Any CPU
		{F2646282-E82B-45FD-93A1-4D92059CAA0E}.Release|Any CPU.ActiveCfg = Release|Any CPU
		{F2646282-E82B-45FD-93A1-4D92059CAA0E}.Release|Any CPU.Build.0 = Release|Any CPU
		{64B00FE9-54FD-4AF2-B756-85D585D61D8E}.Debug|Any CPU.ActiveCfg = Debug|Any CPU
		{64B00FE9-54FD-4AF2-B756-85D585D61D8E}.Debug|Any CPU.Build.0 = Debug|Any CPU
		{64B00FE9-54FD-4AF2-B756-85D585D61D8E}.Release|Any CPU.ActiveCfg = Release|Any CPU
		{64B00FE9-54FD-4AF2-B756-85D585D61D8E}.Release|Any CPU.Build.0 = Release|Any CPU
		{C94A6E6D-D69A-4B01-A764-0286D398F1B8}.Debug|Any CPU.ActiveCfg = Debug|Any CPU
		{C94A6E6D-D69A-4B01-A764-0286D398F1B8}.Debug|Any CPU.Build.0 = Debug|Any CPU
		{C94A6E6D-D69A-4B01-A764-0286D398F1B8}.Release|Any CPU.ActiveCfg = Release|Any CPU
		{C94A6E6D-D69A-4B01-A764-0286D398F1B8}.Release|Any CPU.Build.0 = Release|Any CPU
		{28E83EE7-6A59-41B0-A837-7AAF0F77492A}.Debug|Any CPU.ActiveCfg = Debug|Any CPU
		{28E83EE7-6A59-41B0-A837-7AAF0F77492A}.Debug|Any CPU.Build.0 = Debug|Any CPU
		{28E83EE7-6A59-41B0-A837-7AAF0F77492A}.Release|Any CPU.ActiveCfg = Release|Any CPU
		{28E83EE7-6A59-41B0-A837-7AAF0F77492A}.Release|Any CPU.Build.0 = Release|Any CPU
	EndGlobalSection
	GlobalSection(SolutionProperties) = preSolution
		HideSolutionNode = FALSE
	EndGlobalSection
	GlobalSection(ExtensibilityGlobals) = postSolution
		SolutionGuid = {5DF4A750-6375-42CA-9F33-828D830004E5}
	EndGlobalSection
EndGlobal
